
Microsoft Visual Studio Solution File, Format Version 12.00
# Visual Studio Version 16
VisualStudioVersion = 16.0.29709.97
MinimumVisualStudioVersion = 10.0.40219.1
Project("{FAE04EC0-301F-11D3-BF4B-00C04F79EFBC}") = "Hello Loops", "Hello Loops\Hello Loops.csproj", "{CE77CB9C-B61F-40E9-A2F8-5560AAA820BA}"
EndProject
Global
	GlobalSection(SolutionConfigurationPlatforms) = preSolution
		Debug|Any CPU = Debug|Any CPU
		Release|Any CPU = Release|Any CPU
	EndGlobalSection
	GlobalSection(ProjectConfigurationPlatforms) = postSolution
		{CE77CB9C-B61F-40E9-A2F8-5560AAA820BA}.Debug|Any CPU.ActiveCfg = Debug|Any CPU
		{CE77CB9C-B61F-40E9-A2F8-5560AAA820BA}.Debug|Any CPU.Build.0 = Debug|Any CPU
		{CE77CB9C-B61F-40E9-A2F8-5560AAA820BA}.Release|Any CPU.ActiveCfg = Release|Any CPU
		{CE77CB9C-B61F-40E9-A2F8-5560AAA820BA}.Release|Any CPU.Build.0 = Release|Any CPU
	EndGlobalSection
	GlobalSection(SolutionProperties) = preSolution
		HideSolutionNode = FALSE
	EndGlobalSection
	GlobalSection(ExtensibilityGlobals) = postSolution
		SolutionGuid = {A67909B0-DB2E-417B-9CC4-713A09EC35A7}
	EndGlobalSection
EndGlobal
